
Microsoft Visual Studio Solution File, Format Version 12.00
# Visual Studio Version 16
VisualStudioVersion = 16.0.31624.102
MinimumVisualStudioVersion = 10.0.40219.1
Project("{FAE04EC0-301F-11D3-BF4B-00C04F79EFBC}") = "001_HelloWorld", "001_HelloWorld\001_HelloWorld.csproj", "{C4D4EE10-3C5C-46CF-8F12-467F51D6C314}"
EndProject
Project("{FAE04EC0-301F-11D3-BF4B-00C04F79EFBC}") = "002_HelloWorld2", "002_HelloWorld2\002_HelloWorld2.csproj", "{EA328AA1-C9C0-40A7-86E2-2B4153E7E7C1}"
EndProject
Project("{FAE04EC0-301F-11D3-BF4B-00C04F79EFBC}") = "003_HelloWorld3", "003_HelloWorld3\003_HelloWorld3.csproj", "{B2DD2257-B68F-4FC8-A821-ED5DF2C5B2CD}"
EndProject
Project("{FAE04EC0-301F-11D3-BF4B-00C04F79EFBC}") = "004_Check", "004_Check\004_Check.csproj", "{C8D29DA0-D0B1-4690-B37D-76985FDF90FA}"
EndProject
Project("{FAE04EC0-301F-11D3-BF4B-00C04F79EFBC}") = "005_Check", "005_Check\005_Check.csproj", "{775D905D-A94C-4DEC-B165-376C723F07D9}"
EndProject
Project("{FAE04EC0-301F-11D3-BF4B-00C04F79EFBC}") = "006_Variable", "006_Variable\006_Variable.csproj", "{E9464747-DD9B-4C3E-896B-5F75D519CE4A}"
EndProject
Project("{FAE04EC0-301F-11D3-BF4B-00C04F79EFBC}") = "007_Variable2", "007_Variable2\007_Variable2.csproj", "{05ACC140-A4EA-46A8-8AD5-B9034C3D2A5B}"
EndProject
Project("{FAE04EC0-301F-11D3-BF4B-00C04F79EFBC}") = "008_Data1", "008_Data1\008_Data1.csproj", "{5A28D82B-D061-4585-A07E-A6BBE3150F0D}"
EndProject
Project("{FAE04EC0-301F-11D3-BF4B-00C04F79EFBC}") = "009_Data2", "009_Data2\009_Data2.csproj", "{703D4C2A-2737-4D0F-BB66-6C005C18984E}"
EndProject
Project("{FAE04EC0-301F-11D3-BF4B-00C04F79EFBC}") = "010_Data3", "010_Data3\010_Data3.csproj", "{6B60B4FC-D541-4155-A886-1BA87A63B972}"
EndProject
Project("{FAE04EC0-301F-11D3-BF4B-00C04F79EFBC}") = "011_Data4", "011_Data4\011_Data4.csproj", "{71D827A6-3A1D-4507-9F90-EA3CAD494758}"
EndProject
Project("{FAE04EC0-301F-11D3-BF4B-00C04F79EFBC}") = "012_Data5", "012_Data5\012_Data5.csproj", "{B4F36B51-4789-4377-A774-64A32B7DD78E}"
EndProject
Project("{FAE04EC0-301F-11D3-BF4B-00C04F79EFBC}") = "013_Data6", "013_Data6\013_Data6.csproj", "{82260263-4FDA-4414-AB47-71C52DA640D6}"
EndProject
Project("{FAE04EC0-301F-11D3-BF4B-00C04F79EFBC}") = "014_Data7", "014_Data7\014_Data7.csproj", "{67A5B230-7B23-42FC-BAC3-E9D3D15D33E4}"
EndProject
Project("{FAE04EC0-301F-11D3-BF4B-00C04F79EFBC}") = "015_Data8", "015_Data8\015_Data8.csproj", "{22288675-BB5A-4CCD-B06D-9FF2559BD872}"
EndProject
Project("{FAE04EC0-301F-11D3-BF4B-00C04F79EFBC}") = "016_String", "016_String\016_String.csproj", "{EF97D601-F550-4F29-A58B-7755A962DBF5}"
EndProject
Project("{FAE04EC0-301F-11D3-BF4B-00C04F79EFBC}") = "017_Data_bool", "017_Data_bool\017_Data_bool.csproj", "{30E85DAB-4D63-4D80-9BF2-FBBB4C492990}"
EndProject
Project("{FAE04EC0-301F-11D3-BF4B-00C04F79EFBC}") = "018_Data_object", "018_Data-object\018_Data_object.csproj", "{53DF3E8C-0CDE-48F1-8ECE-7240D891E232}"
EndProject
Project("{FAE04EC0-301F-11D3-BF4B-00C04F79EFBC}") = "019_Data_enum", "019_Data_enum\019_Data_enum.csproj", "{1217161F-D0DD-4298-806D-5419364F5582}"
EndProject
Project("{FAE04EC0-301F-11D3-BF4B-00C04F79EFBC}") = "020_Data_enum2", "020_Data_enum2\020_Data_enum2.csproj", "{2DA3A64A-A9BD-423E-B138-06792A6CDC39}"
EndProject
Project("{FAE04EC0-301F-11D3-BF4B-00C04F79EFBC}") = "021_DATA_nullable", "021_DATA_nullable\021_DATA_nullable.csproj", "{2DD14B35-7473-4759-BAE8-36C2184E25B0}"
EndProject
Project("{FAE04EC0-301F-11D3-BF4B-00C04F79EFBC}") = "022_Data_var", "022_Data_var\022_Data_var.csproj", "{08617D2C-46A1-41A4-B8E6-FB099712DA92}"
EndProject
Project("{FAE04EC0-301F-11D3-BF4B-00C04F79EFBC}") = "023_Data_const", "023_Data_const\023_Data_const.csproj", "{CD75DF38-7669-4D45-8FC6-9BD90C7D161A}"
EndProject
Project("{FAE04EC0-301F-11D3-BF4B-00C04F79EFBC}") = "024_Data_cast", "024_Data_cast\024_Data_cast.csproj", "{AB4E3F62-4F38-4A9C-92FF-EFA651087260}"
EndProject
Project("{FAE04EC0-301F-11D3-BF4B-00C04F79EFBC}") = "025_Data_ToString", "025_Data_ToString\025_Data_ToString.csproj", "{150FAC75-2C53-4765-8F74-CA6533749456}"
EndProject
Project("{FAE04EC0-301F-11D3-BF4B-00C04F79EFBC}") = "026_Data_Parse", "026_Data_Parse\026_Data_Parse.csproj", "{27C9B545-946C-4B75-BB97-CF6755ED43DD}"
EndProject
Project("{FAE04EC0-301F-11D3-BF4B-00C04F79EFBC}") = "027_Data_Convert", "027_Data_Convert\027_Data_Convert.csproj", "{F862B36E-DE59-4DDF-82EC-EDFD21188DDA}"
EndProject
Project("{FAE04EC0-301F-11D3-BF4B-00C04F79EFBC}") = "028_Data_reference", "028_Data_reference\028_Data_reference.csproj", "{0F81E85E-6733-4C14-ADF4-9B2F9EF1037E}"
EndProject
Project("{FAE04EC0-301F-11D3-BF4B-00C04F79EFBC}") = "029_Data_boxing", "029_Data_boxing\029_Data_boxing.csproj", "{B439C6C1-9A6A-425C-8FDF-2B75261FE2EB}"
EndProject
Project("{FAE04EC0-301F-11D3-BF4B-00C04F79EFBC}") = "030_ReadLine", "030_ReadLine\030_ReadLine.csproj", "{B68DB7BA-2992-47DC-BDA1-35E8A6BA4E00}"
EndProject
Project("{FAE04EC0-301F-11D3-BF4B-00C04F79EFBC}") = "031_ReadLine2", "031_ReadLine2\031_ReadLine2.csproj", "{03C386C5-5280-418C-9444-F7C8A0423E6A}"
EndProject
Project("{FAE04EC0-301F-11D3-BF4B-00C04F79EFBC}") = "032_Check", "032_Check\032_Check.csproj", "{13B6E117-0454-44A6-AEBA-A7DAA2CAC3FF}"
EndProject
Project("{FAE04EC0-301F-11D3-BF4B-00C04F79EFBC}") = "033_Check", "033_Check\033_Check.csproj", "{5CFC1E2C-CE5F-4C90-95E1-0823ED4226CA}"
EndProject
Project("{FAE04EC0-301F-11D3-BF4B-00C04F79EFBC}") = "034_Operator1", "034_Operator1\034_Operator1.csproj", "{AF9DB0A6-A8AE-45F9-8966-9130F6E43209}"
EndProject
Project("{FAE04EC0-301F-11D3-BF4B-00C04F79EFBC}") = "035_Operator2", "035_Operator2\035_Operator2.csproj", "{88ACD2EC-5606-45FE-8D9D-D4BBCDE43A29}"
EndProject
Project("{FAE04EC0-301F-11D3-BF4B-00C04F79EFBC}") = "036_Operator3", "036_Operator3\036_Operator3.csproj", "{4434BFEC-91AD-4F15-8429-92D83EF743A0}"
EndProject
Project("{FAE04EC0-301F-11D3-BF4B-00C04F79EFBC}") = "036_01_Operator3", "036_01_Operator3\036_01_Operator3.csproj", "{7CA1133F-E878-4D01-9132-AC149ACB5762}"
EndProject
Project("{FAE04EC0-301F-11D3-BF4B-00C04F79EFBC}") = "037_Operator4", "037_Operator4\037_Operator4.csproj", "{B2EED4D8-7D13-45CD-8E92-D9B247B435A9}"
EndProject
Project("{FAE04EC0-301F-11D3-BF4B-00C04F79EFBC}") = "038_Operator5", "038_Operator5\038_Operator5.csproj", "{A245A849-ED59-4F11-BBC8-C3071917DAED}"
EndProject
Project("{FAE04EC0-301F-11D3-BF4B-00C04F79EFBC}") = "039_Operator6", "039_Operator6\039_Operator6.csproj", "{9E90E458-477B-45B4-B500-A5BF03101EAD}"
EndProject
Project("{FAE04EC0-301F-11D3-BF4B-00C04F79EFBC}") = "040_Operator_Bit", "040_Operator_Bit\040_Operator_Bit.csproj", "{AEE91AE0-6CE0-4B4F-83CB-BC45A20EF10A}"
EndProject
Project("{FAE04EC0-301F-11D3-BF4B-00C04F79EFBC}") = "041_Operator_null", "041_Operator_null\041_Operator_null.csproj", "{25A94B7C-C813-4676-8FC0-FA4FB90B864B}"
EndProject
Project("{FAE04EC0-301F-11D3-BF4B-00C04F79EFBC}") = "042_Operator_Branch", "042_Operator_Branch\042_Operator_Branch.csproj", "{D6699685-E9D6-49E2-BC9F-35DC2BF5802C}"
EndProject
Project("{FAE04EC0-301F-11D3-BF4B-00C04F79EFBC}") = "043_Operator_Branch2", "043_Operator_Branch2\043_Operator_Branch2.csproj", "{F0722139-0BF4-49A3-AF93-C4974E94027C}"
EndProject
Project("{FAE04EC0-301F-11D3-BF4B-00C04F79EFBC}") = "044_Operator_Branch3", "044_Operator_Branch3\044_Operator_Branch3.csproj", "{F73D2FA4-6CAB-4C1C-B966-34AF555FD38E}"
EndProject
Project("{FAE04EC0-301F-11D3-BF4B-00C04F79EFBC}") = "045_Operator_switch", "045_Operator_switch\045_Operator_switch.csproj", "{18D91578-6239-45DD-83A4-4242F2C265D4}"
EndProject
Project("{FAE04EC0-301F-11D3-BF4B-00C04F79EFBC}") = "046_Operator_switch", "046_Operator_switch\046_Operator_switch.csproj", "{1BADE927-F929-4860-9A12-9DFD3680AED5}"
EndProject
Project("{FAE04EC0-301F-11D3-BF4B-00C04F79EFBC}") = "047_Operator_while", "047_Operator_while\047_Operator_while.csproj", "{8ED1AF7F-DEDB-4D9D-AAAB-634CCEBD8E6B}"
EndProject
Project("{FAE04EC0-301F-11D3-BF4B-00C04F79EFBC}") = "048_Operator_do~while", "048_Operator_do~while\048_Operator_do~while.csproj", "{34E94A53-9B15-4AE8-881F-FCD42C2C509C}"
EndProject
Project("{FAE04EC0-301F-11D3-BF4B-00C04F79EFBC}") = "049_Operator_for", "049_Operator_for\049_Operator_for.csproj", "{082F9D0F-60A4-4204-829E-8BA969DD8A36}"
EndProject
Project("{FAE04EC0-301F-11D3-BF4B-00C04F79EFBC}") = "050_Operator_for_for", "050_Operator_for_for\050_Operator_for_for.csproj", "{A237A1D1-5353-4B53-B2AD-2A7133927340}"
EndProject
Project("{FAE04EC0-301F-11D3-BF4B-00C04F79EFBC}") = "051_Operator_while(true)", "051_Operator_while(true)\051_Operator_while(true).csproj", "{40B0EC8F-D411-4D05-B379-8A7F2F7F84E5}"
EndProject
Project("{FAE04EC0-301F-11D3-BF4B-00C04F79EFBC}") = "052_Operator_break", "052_Operator_break\052_Operator_break.csproj", "{50E8DCE1-6EFA-4865-82D9-BF35AC524683}"
EndProject
Project("{FAE04EC0-301F-11D3-BF4B-00C04F79EFBC}") = "053_Operator_continue", "053_Operator_continue\053_Operator_continue.csproj", "{EB4DED56-D8F4-485F-AF95-30C03B86DD7A}"
EndProject
Project("{FAE04EC0-301F-11D3-BF4B-00C04F79EFBC}") = "054_Operator_goto", "054_Operator_goto\054_Operator_goto.csproj", "{8768DBDF-86B9-424E-8057-1CB3648AFBBF}"
EndProject
Project("{FAE04EC0-301F-11D3-BF4B-00C04F79EFBC}") = "055_Check", "055_Check\055_Check.csproj", "{A404F5C5-B727-4BF1-B41D-68A75263F8A2}"
EndProject
Project("{FAE04EC0-301F-11D3-BF4B-00C04F79EFBC}") = "056_Check", "056_Check\056_Check.csproj", "{D5FE2E76-5BCA-407A-A614-119D98077CDA}"
EndProject
Project("{FAE04EC0-301F-11D3-BF4B-00C04F79EFBC}") = "057_Check", "057_Check\057_Check.csproj", "{567165DF-ECC6-4F9B-9034-02E2F9BE2DB4}"
EndProject
Project("{FAE04EC0-301F-11D3-BF4B-00C04F79EFBC}") = "CheckPoint01", "CheckPoint01\CheckPoint01.csproj", "{A893AEED-D241-48AB-B12E-CD733146DB45}"
EndProject
Global
	GlobalSection(SolutionConfigurationPlatforms) = preSolution
		Debug|Any CPU = Debug|Any CPU
		Release|Any CPU = Release|Any CPU
	EndGlobalSection
	GlobalSection(ProjectConfigurationPlatforms) = postSolution
		{C4D4EE10-3C5C-46CF-8F12-467F51D6C314}.Debug|Any CPU.ActiveCfg = Debug|Any CPU
		{C4D4EE10-3C5C-46CF-8F12-467F51D6C314}.Debug|Any CPU.Build.0 = Debug|Any CPU
		{C4D4EE10-3C5C-46CF-8F12-467F51D6C314}.Release|Any CPU.ActiveCfg = Release|Any CPU
		{C4D4EE10-3C5C-46CF-8F12-467F51D6C314}.Release|Any CPU.Build.0 = Release|Any CPU
		{EA328AA1-C9C0-40A7-86E2-2B4153E7E7C1}.Debug|Any CPU.ActiveCfg = Debug|Any CPU
		{EA328AA1-C9C0-40A7-86E2-2B4153E7E7C1}.Debug|Any CPU.Build.0 = Debug|Any CPU
		{EA328AA1-C9C0-40A7-86E2-2B4153E7E7C1}.Release|Any CPU.ActiveCfg = Release|Any CPU
		{EA328AA1-C9C0-40A7-86E2-2B4153E7E7C1}.Release|Any CPU.Build.0 = Release|Any CPU
		{B2DD2257-B68F-4FC8-A821-ED5DF2C5B2CD}.Debug|Any CPU.ActiveCfg = Debug|Any CPU
		{B2DD2257-B68F-4FC8-A821-ED5DF2C5B2CD}.Debug|Any CPU.Build.0 = Debug|Any CPU
		{B2DD2257-B68F-4FC8-A821-ED5DF2C5B2CD}.Release|Any CPU.ActiveCfg = Release|Any CPU
		{B2DD2257-B68F-4FC8-A821-ED5DF2C5B2CD}.Release|Any CPU.Build.0 = Release|Any CPU
		{C8D29DA0-D0B1-4690-B37D-76985FDF90FA}.Debug|Any CPU.ActiveCfg = Debug|Any CPU
		{C8D29DA0-D0B1-4690-B37D-76985FDF90FA}.Debug|Any CPU.Build.0 = Debug|Any CPU
		{C8D29DA0-D0B1-4690-B37D-76985FDF90FA}.Release|Any CPU.ActiveCfg = Release|Any CPU
		{C8D29DA0-D0B1-4690-B37D-76985FDF90FA}.Release|Any CPU.Build.0 = Release|Any CPU
		{775D905D-A94C-4DEC-B165-376C723F07D9}.Debug|Any CPU.ActiveCfg = Debug|Any CPU
		{775D905D-A94C-4DEC-B165-376C723F07D9}.Debug|Any CPU.Build.0 = Debug|Any CPU
		{775D905D-A94C-4DEC-B165-376C723F07D9}.Release|Any CPU.ActiveCfg = Release|Any CPU
		{775D905D-A94C-4DEC-B165-376C723F07D9}.Release|Any CPU.Build.0 = Release|Any CPU
		{E9464747-DD9B-4C3E-896B-5F75D519CE4A}.Debug|Any CPU.ActiveCfg = Debug|Any CPU
		{E9464747-DD9B-4C3E-896B-5F75D519CE4A}.Debug|Any CPU.Build.0 = Debug|Any CPU
		{E9464747-DD9B-4C3E-896B-5F75D519CE4A}.Release|Any CPU.ActiveCfg = Release|Any CPU
		{E9464747-DD9B-4C3E-896B-5F75D519CE4A}.Release|Any CPU.Build.0 = Release|Any CPU
		{05ACC140-A4EA-46A8-8AD5-B9034C3D2A5B}.Debug|Any CPU.ActiveCfg = Debug|Any CPU
		{05ACC140-A4EA-46A8-8AD5-B9034C3D2A5B}.Debug|Any CPU.Build.0 = Debug|Any CPU
		{05ACC140-A4EA-46A8-8AD5-B9034C3D2A5B}.Release|Any CPU.ActiveCfg = Release|Any CPU
		{05ACC140-A4EA-46A8-8AD5-B9034C3D2A5B}.Release|Any CPU.Build.0 = Release|Any CPU
		{5A28D82B-D061-4585-A07E-A6BBE3150F0D}.Debug|Any CPU.ActiveCfg = Debug|Any CPU
		{5A28D82B-D061-4585-A07E-A6BBE3150F0D}.Debug|Any CPU.Build.0 = Debug|Any CPU
		{5A28D82B-D061-4585-A07E-A6BBE3150F0D}.Release|Any CPU.ActiveCfg = Release|Any CPU
		{5A28D82B-D061-4585-A07E-A6BBE3150F0D}.Release|Any CPU.Build.0 = Release|Any CPU
		{703D4C2A-2737-4D0F-BB66-6C005C18984E}.Debug|Any CPU.ActiveCfg = Debug|Any CPU
		{703D4C2A-2737-4D0F-BB66-6C005C18984E}.Debug|Any CPU.Build.0 = Debug|Any CPU
		{703D4C2A-2737-4D0F-BB66-6C005C18984E}.Release|Any CPU.ActiveCfg = Release|Any CPU
		{703D4C2A-2737-4D0F-BB66-6C005C18984E}.Release|Any CPU.Build.0 = Release|Any CPU
		{6B60B4FC-D541-4155-A886-1BA87A63B972}.Debug|Any CPU.ActiveCfg = Debug|Any CPU
		{6B60B4FC-D541-4155-A886-1BA87A63B972}.Debug|Any CPU.Build.0 = Debug|Any CPU
		{6B60B4FC-D541-4155-A886-1BA87A63B972}.Release|Any CPU.ActiveCfg = Release|Any CPU
		{6B60B4FC-D541-4155-A886-1BA87A63B972}.Release|Any CPU.Build.0 = Release|Any CPU
		{71D827A6-3A1D-4507-9F90-EA3CAD494758}.Debug|Any CPU.ActiveCfg = Debug|Any CPU
		{71D827A6-3A1D-4507-9F90-EA3CAD494758}.Debug|Any CPU.Build.0 = Debug|Any CPU
		{71D827A6-3A1D-4507-9F90-EA3CAD494758}.Release|Any CPU.ActiveCfg = Release|Any CPU
		{71D827A6-3A1D-4507-9F90-EA3CAD494758}.Release|Any CPU.Build.0 = Release|Any CPU
		{B4F36B51-4789-4377-A774-64A32B7DD78E}.Debug|Any CPU.ActiveCfg = Debug|Any CPU
		{B4F36B51-4789-4377-A774-64A32B7DD78E}.Debug|Any CPU.Build.0 = Debug|Any CPU
		{B4F36B51-4789-4377-A774-64A32B7DD78E}.Release|Any CPU.ActiveCfg = Release|Any CPU
		{B4F36B51-4789-4377-A774-64A32B7DD78E}.Release|Any CPU.Build.0 = Release|Any CPU
		{82260263-4FDA-4414-AB47-71C52DA640D6}.Debug|Any CPU.ActiveCfg = Debug|Any CPU
		{82260263-4FDA-4414-AB47-71C52DA640D6}.Debug|Any CPU.Build.0 = Debug|Any CPU
		{82260263-4FDA-4414-AB47-71C52DA640D6}.Release|Any CPU.ActiveCfg = Release|Any CPU
		{82260263-4FDA-4414-AB47-71C52DA640D6}.Release|Any CPU.Build.0 = Release|Any CPU
		{67A5B230-7B23-42FC-BAC3-E9D3D15D33E4}.Debug|Any CPU.ActiveCfg = Debug|Any CPU
		{67A5B230-7B23-42FC-BAC3-E9D3D15D33E4}.Debug|Any CPU.Build.0 = Debug|Any CPU
		{67A5B230-7B23-42FC-BAC3-E9D3D15D33E4}.Release|Any CPU.ActiveCfg = Release|Any CPU
		{67A5B230-7B23-42FC-BAC3-E9D3D15D33E4}.Release|Any CPU.Build.0 = Release|Any CPU
		{22288675-BB5A-4CCD-B06D-9FF2559BD872}.Debug|Any CPU.ActiveCfg = Debug|Any CPU
		{22288675-BB5A-4CCD-B06D-9FF2559BD872}.Debug|Any CPU.Build.0 = Debug|Any CPU
		{22288675-BB5A-4CCD-B06D-9FF2559BD872}.Release|Any CPU.ActiveCfg = Release|Any CPU
		{22288675-BB5A-4CCD-B06D-9FF2559BD872}.Release|Any CPU.Build.0 = Release|Any CPU
		{EF97D601-F550-4F29-A58B-7755A962DBF5}.Debug|Any CPU.ActiveCfg = Debug|Any CPU
		{EF97D601-F550-4F29-A58B-7755A962DBF5}.Debug|Any CPU.Build.0 = Debug|Any CPU
		{EF97D601-F550-4F29-A58B-7755A962DBF5}.Release|Any CPU.ActiveCfg = Release|Any CPU
		{EF97D601-F550-4F29-A58B-7755A962DBF5}.Release|Any CPU.Build.0 = Release|Any CPU
		{30E85DAB-4D63-4D80-9BF2-FBBB4C492990}.Debug|Any CPU.ActiveCfg = Debug|Any CPU
		{30E85DAB-4D63-4D80-9BF2-FBBB4C492990}.Debug|Any CPU.Build.0 = Debug|Any CPU
		{30E85DAB-4D63-4D80-9BF2-FBBB4C492990}.Release|Any CPU.ActiveCfg = Release|Any CPU
		{30E85DAB-4D63-4D80-9BF2-FBBB4C492990}.Release|Any CPU.Build.0 = Release|Any CPU
		{53DF3E8C-0CDE-48F1-8ECE-7240D891E232}.Debug|Any CPU.ActiveCfg = Debug|Any CPU
		{53DF3E8C-0CDE-48F1-8ECE-7240D891E232}.Debug|Any CPU.Build.0 = Debug|Any CPU
		{53DF3E8C-0CDE-48F1-8ECE-7240D891E232}.Release|Any CPU.ActiveCfg = Release|Any CPU
		{53DF3E8C-0CDE-48F1-8ECE-7240D891E232}.Release|Any CPU.Build.0 = Release|Any CPU
		{1217161F-D0DD-4298-806D-5419364F5582}.Debug|Any CPU.ActiveCfg = Debug|Any CPU
		{1217161F-D0DD-4298-806D-5419364F5582}.Debug|Any CPU.Build.0 = Debug|Any CPU
		{1217161F-D0DD-4298-806D-5419364F5582}.Release|Any CPU.ActiveCfg = Release|Any CPU
		{1217161F-D0DD-4298-806D-5419364F5582}.Release|Any CPU.Build.0 = Release|Any CPU
		{2DA3A64A-A9BD-423E-B138-06792A6CDC39}.Debug|Any CPU.ActiveCfg = Debug|Any CPU
		{2DA3A64A-A9BD-423E-B138-06792A6CDC39}.Debug|Any CPU.Build.0 = Debug|Any CPU
		{2DA3A64A-A9BD-423E-B138-06792A6CDC39}.Release|Any CPU.ActiveCfg = Release|Any CPU
		{2DA3A64A-A9BD-423E-B138-06792A6CDC39}.Release|Any CPU.Build.0 = Release|Any CPU
		{2DD14B35-7473-4759-BAE8-36C2184E25B0}.Debug|Any CPU.ActiveCfg = Debug|Any CPU
		{2DD14B35-7473-4759-BAE8-36C2184E25B0}.Debug|Any CPU.Build.0 = Debug|Any CPU
		{2DD14B35-7473-4759-BAE8-36C2184E25B0}.Release|Any CPU.ActiveCfg = Release|Any CPU
		{2DD14B35-7473-4759-BAE8-36C2184E25B0}.Release|Any CPU.Build.0 = Release|Any CPU
		{08617D2C-46A1-41A4-B8E6-FB099712DA92}.Debug|Any CPU.ActiveCfg = Debug|Any CPU
		{08617D2C-46A1-41A4-B8E6-FB099712DA92}.Debug|Any CPU.Build.0 = Debug|Any CPU
		{08617D2C-46A1-41A4-B8E6-FB099712DA92}.Release|Any CPU.ActiveCfg = Release|Any CPU
		{08617D2C-46A1-41A4-B8E6-FB099712DA92}.Release|Any CPU.Build.0 = Release|Any CPU
		{CD75DF38-7669-4D45-8FC6-9BD90C7D161A}.Debug|Any CPU.ActiveCfg = Debug|Any CPU
		{CD75DF38-7669-4D45-8FC6-9BD90C7D161A}.Debug|Any CPU.Build.0 = Debug|Any CPU
		{CD75DF38-7669-4D45-8FC6-9BD90C7D161A}.Release|Any CPU.ActiveCfg = Release|Any CPU
		{CD75DF38-7669-4D45-8FC6-9BD90C7D161A}.Release|Any CPU.Build.0 = Release|Any CPU
		{AB4E3F62-4F38-4A9C-92FF-EFA651087260}.Debug|Any CPU.ActiveCfg = Debug|Any CPU
		{AB4E3F62-4F38-4A9C-92FF-EFA651087260}.Debug|Any CPU.Build.0 = Debug|Any CPU
		{AB4E3F62-4F38-4A9C-92FF-EFA651087260}.Release|Any CPU.ActiveCfg = Release|Any CPU
		{AB4E3F62-4F38-4A9C-92FF-EFA651087260}.Release|Any CPU.Build.0 = Release|Any CPU
		{150FAC75-2C53-4765-8F74-CA6533749456}.Debug|Any CPU.ActiveCfg = Debug|Any CPU
		{150FAC75-2C53-4765-8F74-CA6533749456}.Debug|Any CPU.Build.0 = Debug|Any CPU
		{150FAC75-2C53-4765-8F74-CA6533749456}.Release|Any CPU.ActiveCfg = Release|Any CPU
		{150FAC75-2C53-4765-8F74-CA6533749456}.Release|Any CPU.Build.0 = Release|Any CPU
		{27C9B545-946C-4B75-BB97-CF6755ED43DD}.Debug|Any CPU.ActiveCfg = Debug|Any CPU
		{27C9B545-946C-4B75-BB97-CF6755ED43DD}.Debug|Any CPU.Build.0 = Debug|Any CPU
		{27C9B545-946C-4B75-BB97-CF6755ED43DD}.Release|Any CPU.ActiveCfg = Release|Any CPU
		{27C9B545-946C-4B75-BB97-CF6755ED43DD}.Release|Any CPU.Build.0 = Release|Any CPU
		{F862B36E-DE59-4DDF-82EC-EDFD21188DDA}.Debug|Any CPU.ActiveCfg = Debug|Any CPU
		{F862B36E-DE59-4DDF-82EC-EDFD21188DDA}.Debug|Any CPU.Build.0 = Debug|Any CPU
		{F862B36E-DE59-4DDF-82EC-EDFD21188DDA}.Release|Any CPU.ActiveCfg = Release|Any CPU
		{F862B36E-DE59-4DDF-82EC-EDFD21188DDA}.Release|Any CPU.Build.0 = Release|Any CPU
		{0F81E85E-6733-4C14-ADF4-9B2F9EF1037E}.Debug|Any CPU.ActiveCfg = Debug|Any CPU
		{0F81E85E-6733-4C14-ADF4-9B2F9EF1037E}.Debug|Any CPU.Build.0 = Debug|Any CPU
		{0F81E85E-6733-4C14-ADF4-9B2F9EF1037E}.Release|Any CPU.ActiveCfg = Release|Any CPU
		{0F81E85E-6733-4C14-ADF4-9B2F9EF1037E}.Release|Any CPU.Build.0 = Release|Any CPU
		{B439C6C1-9A6A-425C-8FDF-2B75261FE2EB}.Debug|Any CPU.ActiveCfg = Debug|Any CPU
		{B439C6C1-9A6A-425C-8FDF-2B75261FE2EB}.Debug|Any CPU.Build.0 = Debug|Any CPU
		{B439C6C1-9A6A-425C-8FDF-2B75261FE2EB}.Release|Any CPU.ActiveCfg = Release|Any CPU
		{B439C6C1-9A6A-425C-8FDF-2B75261FE2EB}.Release|Any CPU.Build.0 = Release|Any CPU
		{B68DB7BA-2992-47DC-BDA1-35E8A6BA4E00}.Debug|Any CPU.ActiveCfg = Debug|Any CPU
		{B68DB7BA-2992-47DC-BDA1-35E8A6BA4E00}.Debug|Any CPU.Build.0 = Debug|Any CPU
		{B68DB7BA-2992-47DC-BDA1-35E8A6BA4E00}.Release|Any CPU.ActiveCfg = Release|Any CPU
		{B68DB7BA-2992-47DC-BDA1-35E8A6BA4E00}.Release|Any CPU.Build.0 = Release|Any CPU
		{03C386C5-5280-418C-9444-F7C8A0423E6A}.Debug|Any CPU.ActiveCfg = Debug|Any CPU
		{03C386C5-5280-418C-9444-F7C8A0423E6A}.Debug|Any CPU.Build.0 = Debug|Any CPU
		{03C386C5-5280-418C-9444-F7C8A0423E6A}.Release|Any CPU.ActiveCfg = Release|Any CPU
		{03C386C5-5280-418C-9444-F7C8A0423E6A}.Release|Any CPU.Build.0 = Release|Any CPU
		{13B6E117-0454-44A6-AEBA-A7DAA2CAC3FF}.Debug|Any CPU.ActiveCfg = Debug|Any CPU
		{13B6E117-0454-44A6-AEBA-A7DAA2CAC3FF}.Debug|Any CPU.Build.0 = Debug|Any CPU
		{13B6E117-0454-44A6-AEBA-A7DAA2CAC3FF}.Release|Any CPU.ActiveCfg = Release|Any CPU
		{13B6E117-0454-44A6-AEBA-A7DAA2CAC3FF}.Release|Any CPU.Build.0 = Release|Any CPU
		{5CFC1E2C-CE5F-4C90-95E1-0823ED4226CA}.Debug|Any CPU.ActiveCfg = Debug|Any CPU
		{5CFC1E2C-CE5F-4C90-95E1-0823ED4226CA}.Debug|Any CPU.Build.0 = Debug|Any CPU
		{5CFC1E2C-CE5F-4C90-95E1-0823ED4226CA}.Release|Any CPU.ActiveCfg = Release|Any CPU
		{5CFC1E2C-CE5F-4C90-95E1-0823ED4226CA}.Release|Any CPU.Build.0 = Release|Any CPU
		{AF9DB0A6-A8AE-45F9-8966-9130F6E43209}.Debug|Any CPU.ActiveCfg = Debug|Any CPU
		{AF9DB0A6-A8AE-45F9-8966-9130F6E43209}.Debug|Any CPU.Build.0 = Debug|Any CPU
		{AF9DB0A6-A8AE-45F9-8966-9130F6E43209}.Release|Any CPU.ActiveCfg = Release|Any CPU
		{AF9DB0A6-A8AE-45F9-8966-9130F6E43209}.Release|Any CPU.Build.0 = Release|Any CPU
		{88ACD2EC-5606-45FE-8D9D-D4BBCDE43A29}.Debug|Any CPU.ActiveCfg = Debug|Any CPU
		{88ACD2EC-5606-45FE-8D9D-D4BBCDE43A29}.Debug|Any CPU.Build.0 = Debug|Any CPU
		{88ACD2EC-5606-45FE-8D9D-D4BBCDE43A29}.Release|Any CPU.ActiveCfg = Release|Any CPU
		{88ACD2EC-5606-45FE-8D9D-D4BBCDE43A29}.Release|Any CPU.Build.0 = Release|Any CPU
		{4434BFEC-91AD-4F15-8429-92D83EF743A0}.Debug|Any CPU.ActiveCfg = Debug|Any CPU
		{4434BFEC-91AD-4F15-8429-92D83EF743A0}.Debug|Any CPU.Build.0 = Debug|Any CPU
		{4434BFEC-91AD-4F15-8429-92D83EF743A0}.Release|Any CPU.ActiveCfg = Release|Any CPU
		{4434BFEC-91AD-4F15-8429-92D83EF743A0}.Release|Any CPU.Build.0 = Release|Any CPU
		{7CA1133F-E878-4D01-9132-AC149ACB5762}.Debug|Any CPU.ActiveCfg = Debug|Any CPU
		{7CA1133F-E878-4D01-9132-AC149ACB5762}.Debug|Any CPU.Build.0 = Debug|Any CPU
		{7CA1133F-E878-4D01-9132-AC149ACB5762}.Release|Any CPU.ActiveCfg = Release|Any CPU
		{7CA1133F-E878-4D01-9132-AC149ACB5762}.Release|Any CPU.Build.0 = Release|Any CPU
		{B2EED4D8-7D13-45CD-8E92-D9B247B435A9}.Debug|Any CPU.ActiveCfg = Debug|Any CPU
		{B2EED4D8-7D13-45CD-8E92-D9B247B435A9}.Debug|Any CPU.Build.0 = Debug|Any CPU
		{B2EED4D8-7D13-45CD-8E92-D9B247B435A9}.Release|Any CPU.ActiveCfg = Release|Any CPU
		{B2EED4D8-7D13-45CD-8E92-D9B247B435A9}.Release|Any CPU.Build.0 = Release|Any CPU
		{A245A849-ED59-4F11-BBC8-C3071917DAED}.Debug|Any CPU.ActiveCfg = Debug|Any CPU
		{A245A849-ED59-4F11-BBC8-C3071917DAED}.Debug|Any CPU.Build.0 = Debug|Any CPU
		{A245A849-ED59-4F11-BBC8-C3071917DAED}.Release|Any CPU.ActiveCfg = Release|Any CPU
		{A245A849-ED59-4F11-BBC8-C3071917DAED}.Release|Any CPU.Build.0 = Release|Any CPU
		{9E90E458-477B-45B4-B500-A5BF03101EAD}.Debug|Any CPU.ActiveCfg = Debug|Any CPU
		{9E90E458-477B-45B4-B500-A5BF03101EAD}.Debug|Any CPU.Build.0 = Debug|Any CPU
		{9E90E458-477B-45B4-B500-A5BF03101EAD}.Release|Any CPU.ActiveCfg = Release|Any CPU
		{9E90E458-477B-45B4-B500-A5BF03101EAD}.Release|Any CPU.Build.0 = Release|Any CPU
		{AEE91AE0-6CE0-4B4F-83CB-BC45A20EF10A}.Debug|Any CPU.ActiveCfg = Debug|Any CPU
		{AEE91AE0-6CE0-4B4F-83CB-BC45A20EF10A}.Debug|Any CPU.Build.0 = Debug|Any CPU
		{AEE91AE0-6CE0-4B4F-83CB-BC45A20EF10A}.Release|Any CPU.ActiveCfg = Release|Any CPU
		{AEE91AE0-6CE0-4B4F-83CB-BC45A20EF10A}.Release|Any CPU.Build.0 = Release|Any CPU
		{25A94B7C-C813-4676-8FC0-FA4FB90B864B}.Debug|Any CPU.ActiveCfg = Debug|Any CPU
		{25A94B7C-C813-4676-8FC0-FA4FB90B864B}.Debug|Any CPU.Build.0 = Debug|Any CPU
		{25A94B7C-C813-4676-8FC0-FA4FB90B864B}.Release|Any CPU.ActiveCfg = Release|Any CPU
		{25A94B7C-C813-4676-8FC0-FA4FB90B864B}.Release|Any CPU.Build.0 = Release|Any CPU
		{D6699685-E9D6-49E2-BC9F-35DC2BF5802C}.Debug|Any CPU.ActiveCfg = Debug|Any CPU
		{D6699685-E9D6-49E2-BC9F-35DC2BF5802C}.Debug|Any CPU.Build.0 = Debug|Any CPU
		{D6699685-E9D6-49E2-BC9F-35DC2BF5802C}.Release|Any CPU.ActiveCfg = Release|Any CPU
		{D6699685-E9D6-49E2-BC9F-35DC2BF5802C}.Release|Any CPU.Build.0 = Release|Any CPU
		{F0722139-0BF4-49A3-AF93-C4974E94027C}.Debug|Any CPU.ActiveCfg = Debug|Any CPU
		{F0722139-0BF4-49A3-AF93-C4974E94027C}.Debug|Any CPU.Build.0 = Debug|Any CPU
		{F0722139-0BF4-49A3-AF93-C4974E94027C}.Release|Any CPU.ActiveCfg = Release|Any CPU
		{F0722139-0BF4-49A3-AF93-C4974E94027C}.Release|Any CPU.Build.0 = Release|Any CPU
		{F73D2FA4-6CAB-4C1C-B966-34AF555FD38E}.Debug|Any CPU.ActiveCfg = Debug|Any CPU
		{F73D2FA4-6CAB-4C1C-B966-34AF555FD38E}.Debug|Any CPU.Build.0 = Debug|Any CPU
		{F73D2FA4-6CAB-4C1C-B966-34AF555FD38E}.Release|Any CPU.ActiveCfg = Release|Any CPU
		{F73D2FA4-6CAB-4C1C-B966-34AF555FD38E}.Release|Any CPU.Build.0 = Release|Any CPU
		{18D91578-6239-45DD-83A4-4242F2C265D4}.Debug|Any CPU.ActiveCfg = Debug|Any CPU
		{18D91578-6239-45DD-83A4-4242F2C265D4}.Debug|Any CPU.Build.0 = Debug|Any CPU
		{18D91578-6239-45DD-83A4-4242F2C265D4}.Release|Any CPU.ActiveCfg = Release|Any CPU
		{18D91578-6239-45DD-83A4-4242F2C265D4}.Release|Any CPU.Build.0 = Release|Any CPU
		{1BADE927-F929-4860-9A12-9DFD3680AED5}.Debug|Any CPU.ActiveCfg = Debug|Any CPU
		{1BADE927-F929-4860-9A12-9DFD3680AED5}.Debug|Any CPU.Build.0 = Debug|Any CPU
		{1BADE927-F929-4860-9A12-9DFD3680AED5}.Release|Any CPU.ActiveCfg = Release|Any CPU
		{1BADE927-F929-4860-9A12-9DFD3680AED5}.Release|Any CPU.Build.0 = Release|Any CPU
		{8ED1AF7F-DEDB-4D9D-AAAB-634CCEBD8E6B}.Debug|Any CPU.ActiveCfg = Debug|Any CPU
		{8ED1AF7F-DEDB-4D9D-AAAB-634CCEBD8E6B}.Debug|Any CPU.Build.0 = Debug|Any CPU
		{8ED1AF7F-DEDB-4D9D-AAAB-634CCEBD8E6B}.Release|Any CPU.ActiveCfg = Release|Any CPU
		{8ED1AF7F-DEDB-4D9D-AAAB-634CCEBD8E6B}.Release|Any CPU.Build.0 = Release|Any CPU
		{34E94A53-9B15-4AE8-881F-FCD42C2C509C}.Debug|Any CPU.ActiveCfg = Debug|Any CPU
		{34E94A53-9B15-4AE8-881F-FCD42C2C509C}.Debug|Any CPU.Build.0 = Debug|Any CPU
		{34E94A53-9B15-4AE8-881F-FCD42C2C509C}.Release|Any CPU.ActiveCfg = Release|Any CPU
		{34E94A53-9B15-4AE8-881F-FCD42C2C509C}.Release|Any CPU.Build.0 = Release|Any CPU
		{082F9D0F-60A4-4204-829E-8BA969DD8A36}.Debug|Any CPU.ActiveCfg = Debug|Any CPU
		{082F9D0F-60A4-4204-829E-8BA969DD8A36}.Debug|Any CPU.Build.0 = Debug|Any CPU
		{082F9D0F-60A4-4204-829E-8BA969DD8A36}.Release|Any CPU.ActiveCfg = Release|Any CPU
		{082F9D0F-60A4-4204-829E-8BA969DD8A36}.Release|Any CPU.Build.0 = Release|Any CPU
		{A237A1D1-5353-4B53-B2AD-2A7133927340}.Debug|Any CPU.ActiveCfg = Debug|Any CPU
		{A237A1D1-5353-4B53-B2AD-2A7133927340}.Debug|Any CPU.Build.0 = Debug|Any CPU
		{A237A1D1-5353-4B53-B2AD-2A7133927340}.Release|Any CPU.ActiveCfg = Release|Any CPU
		{A237A1D1-5353-4B53-B2AD-2A7133927340}.Release|Any CPU.Build.0 = Release|Any CPU
		{40B0EC8F-D411-4D05-B379-8A7F2F7F84E5}.Debug|Any CPU.ActiveCfg = Debug|Any CPU
		{40B0EC8F-D411-4D05-B379-8A7F2F7F84E5}.Debug|Any CPU.Build.0 = Debug|Any CPU
		{40B0EC8F-D411-4D05-B379-8A7F2F7F84E5}.Release|Any CPU.ActiveCfg = Release|Any CPU
		{40B0EC8F-D411-4D05-B379-8A7F2F7F84E5}.Release|Any CPU.Build.0 = Release|Any CPU
		{50E8DCE1-6EFA-4865-82D9-BF35AC524683}.Debug|Any CPU.ActiveCfg = Debug|Any CPU
		{50E8DCE1-6EFA-4865-82D9-BF35AC524683}.Debug|Any CPU.Build.0 = Debug|Any CPU
		{50E8DCE1-6EFA-4865-82D9-BF35AC524683}.Release|Any CPU.ActiveCfg = Release|Any CPU
		{50E8DCE1-6EFA-4865-82D9-BF35AC524683}.Release|Any CPU.Build.0 = Release|Any CPU
		{EB4DED56-D8F4-485F-AF95-30C03B86DD7A}.Debug|Any CPU.ActiveCfg = Debug|Any CPU
		{EB4DED56-D8F4-485F-AF95-30C03B86DD7A}.Debug|Any CPU.Build.0 = Debug|Any CPU
		{EB4DED56-D8F4-485F-AF95-30C03B86DD7A}.Release|Any CPU.ActiveCfg = Release|Any CPU
		{EB4DED56-D8F4-485F-AF95-30C03B86DD7A}.Release|Any CPU.Build.0 = Release|Any CPU
		{8768DBDF-86B9-424E-8057-1CB3648AFBBF}.Debug|Any CPU.ActiveCfg = Debug|Any CPU
		{8768DBDF-86B9-424E-8057-1CB3648AFBBF}.Debug|Any CPU.Build.0 = Debug|Any CPU
		{8768DBDF-86B9-424E-8057-1CB3648AFBBF}.Release|Any CPU.ActiveCfg = Release|Any CPU
		{8768DBDF-86B9-424E-8057-1CB3648AFBBF}.Release|Any CPU.Build.0 = Release|Any CPU
		{A404F5C5-B727-4BF1-B41D-68A75263F8A2}.Debug|Any CPU.ActiveCfg = Debug|Any CPU
		{A404F5C5-B727-4BF1-B41D-68A75263F8A2}.Debug|Any CPU.Build.0 = Debug|Any CPU
		{A404F5C5-B727-4BF1-B41D-68A75263F8A2}.Release|Any CPU.ActiveCfg = Release|Any CPU
		{A404F5C5-B727-4BF1-B41D-68A75263F8A2}.Release|Any CPU.Build.0 = Release|Any CPU
		{D5FE2E76-5BCA-407A-A614-119D98077CDA}.Debug|Any CPU.ActiveCfg = Debug|Any CPU
		{D5FE2E76-5BCA-407A-A614-119D98077CDA}.Debug|Any CPU.Build.0 = Debug|Any CPU
		{D5FE2E76-5BCA-407A-A614-119D98077CDA}.Release|Any CPU.ActiveCfg = Release|Any CPU
		{D5FE2E76-5BCA-407A-A614-119D98077CDA}.Release|Any CPU.Build.0 = Release|Any CPU
		{567165DF-ECC6-4F9B-9034-02E2F9BE2DB4}.Debug|Any CPU.ActiveCfg = Debug|Any CPU
		{567165DF-ECC6-4F9B-9034-02E2F9BE2DB4}.Debug|Any CPU.Build.0 = Debug|Any CPU
		{567165DF-ECC6-4F9B-9034-02E2F9BE2DB4}.Release|Any CPU.ActiveCfg = Release|Any CPU
		{567165DF-ECC6-4F9B-9034-02E2F9BE2DB4}.Release|Any CPU.Build.0 = Release|Any CPU
		{A893AEED-D241-48AB-B12E-CD733146DB45}.Debug|Any CPU.ActiveCfg = Debug|Any CPU
		{A893AEED-D241-48AB-B12E-CD733146DB45}.Debug|Any CPU.Build.0 = Debug|Any CPU
		{A893AEED-D241-48AB-B12E-CD733146DB45}.Release|Any CPU.ActiveCfg = Release|Any CPU
		{A893AEED-D241-48AB-B12E-CD733146DB45}.Release|Any CPU.Build.0 = Release|Any CPU
	EndGlobalSection
	GlobalSection(SolutionProperties) = preSolution
		HideSolutionNode = FALSE
	EndGlobalSection
	GlobalSection(ExtensibilityGlobals) = postSolution
		SolutionGuid = {7CC28788-AE12-411D-A543-BFD229C5D845}
	EndGlobalSection
EndGlobal
